
Microsoft Visual Studio Solution File, Format Version 12.00
# Visual Studio 15
VisualStudioVersion = 15.0.28307.572
MinimumVisualStudioVersion = 10.0.40219.1
Project("{FAE04EC0-301F-11D3-BF4B-00C04F79EFBC}") = "NumbersToWords", "NumbersToWords\NumbersToWords.csproj", "{26DB759C-F769-49F2-8A8C-2891646B5163}"
EndProject
Global
	GlobalSection(SolutionConfigurationPlatforms) = preSolution
		Debug|Any CPU = Debug|Any CPU
		Release|Any CPU = Release|Any CPU
	EndGlobalSection
	GlobalSection(ProjectConfigurationPlatforms) = postSolution
		{26DB759C-F769-49F2-8A8C-2891646B5163}.Debug|Any CPU.ActiveCfg = Debug|Any CPU
		{26DB759C-F769-49F2-8A8C-2891646B5163}.Debug|Any CPU.Build.0 = Debug|Any CPU
		{26DB759C-F769-49F2-8A8C-2891646B5163}.Release|Any CPU.ActiveCfg = Release|Any CPU
		{26DB759C-F769-49F2-8A8C-2891646B5163}.Release|Any CPU.Build.0 = Release|Any CPU
	EndGlobalSection
	GlobalSection(SolutionProperties) = preSolution
		HideSolutionNode = FALSE
	EndGlobalSection
	GlobalSection(ExtensibilityGlobals) = postSolution
		SolutionGuid = {FFB8F117-EF8C-4280-820A-5D27E0029DCB}
	EndGlobalSection
EndGlobal
